Microsoft Visual Studio Solution File, Format Version 12.00
# Visual Studio 2012
Project("{FAE04EC0-301F-11D3-BF4B-00C04F79EFBC}") = "Godot-Wallet", "Godot-Wallet.csproj", "{A6B36B15-ACE8-4CF7-A1FA-B3E2B2FDF63E}"
EndProject
Global
	GlobalSection(SolutionConfigurationPlatforms) = preSolution
	Debug|Any CPU = Debug|Any CPU
	ExportDebug|Any CPU = ExportDebug|Any CPU
	ExportRelease|Any CPU = ExportRelease|Any CPU
	EndGlobalSection
	GlobalSection(ProjectConfigurationPlatforms) = postSolution
		{A6B36B15-ACE8-4CF7-A1FA-B3E2B2FDF63E}.Debug|Any CPU.ActiveCfg = Debug|Any CPU
		{A6B36B15-ACE8-4CF7-A1FA-B3E2B2FDF63E}.Debug|Any CPU.Build.0 = Debug|Any CPU
		{A6B36B15-ACE8-4CF7-A1FA-B3E2B2FDF63E}.ExportDebug|Any CPU.ActiveCfg = ExportDebug|Any CPU
		{A6B36B15-ACE8-4CF7-A1FA-B3E2B2FDF63E}.ExportDebug|Any CPU.Build.0 = ExportDebug|Any CPU
		{A6B36B15-ACE8-4CF7-A1FA-B3E2B2FDF63E}.ExportRelease|Any CPU.ActiveCfg = ExportRelease|Any CPU
		{A6B36B15-ACE8-4CF7-A1FA-B3E2B2FDF63E}.ExportRelease|Any CPU.Build.0 = ExportRelease|Any CPU
	EndGlobalSection
EndGlobal
